// !$*UTF8*$!
{
	archiveVersion = 1;
	classes = {
	};
	objectVersion = 46;
	objects = {

/* Begin PBXBuildFile section */
		E934AAA1205A17CC0090B031 /* AppDelegate.swift in Sources */ = {isa = PBXBuildFile; fileRef = E934AAA0205A17CC0090B031 /* AppDelegate.swift */; };
		E934AAA3205A17CC0090B031 /* ViewController.swift in Sources */ = {isa = PBXBuildFile; fileRef = E934AAA2205A17CC0090B031 /* ViewController.swift */; };
		E934AAA6205A17CC0090B031 /* Main.storyboard in Resources */ = {isa = PBXBuildFile; fileRef = E934AAA4205A17CC0090B031 /* Main.storyboard */; };
		E934AAA8205A17CC0090B031 /* Assets.xcassets in Resources */ = {isa = PBXBuildFile; fileRef = E934AAA7205A17CC0090B031 /* Assets.xcassets */; };
		E934AAAB205A17CC0090B031 /* LaunchScreen.storyboard in Resources */ = {isa = PBXBuildFile; fileRef = E934AAA9205A17CC0090B031 /* LaunchScreen.storyboard */; };
/* End PBXBuildFile section */

/* Begin PBXFileReference section */
		E934AA9D205A17CB0090B031 /* UIActivityIndicator.app */ = {isa = PBXFileReference; explicitFileType = wrapper.application; includeInIndex = 0; path = UIActivityIndicator.app; sourceTree = BUILT_PRODUCTS_DIR; };
		E934AAA0205A17CC0090B031 /* AppDelegate.swift */ = {isa = PBXFileReference; lastKnownFileType = sourcecode.swift; path = AppDelegate.swift; sourceTree = "<group>"; };
		E934AAA2205A17CC0090B031 /* ViewController.swift */ = {isa = PBXFileReference; lastKnownFileType = sourcecode.swift; path = ViewController.swift; sourceTree = "<group>"; };
		E934AAA5205A17CC0090B031 /* Base */ = {isa = PBXFileReference; lastKnownFileType = file.storyboard; name = Base; path = Base.lproj/Main.storyboard; sourceTree = "<group>"; };
		E934AAA7205A17CC0090B031 /* Assets.xcassets */ = {isa = PBXFileReference; lastKnownFileType = folder.assetcatalog; path = Assets.xcassets; sourceTree = "<group>"; };
		E934AAAA205A17CC0090B031 /* Base */ = {isa = PBXFileReference; lastKnownFileType = file.storyboard; name = Base; path = Base.lproj/LaunchScreen.storyboard; sourceTree = "<group>"; };
		E934AAAC205A17CC0090B031 /* Info.plist */ = {isa = PBXFileReference; lastKnownFileType = text.plist.xml; path = Info.plist; sourceTree = "<group>"; };
/* End PBXFileReference section */

/* Begin PBXFrameworksBuildPhase section */
		E934AA9A205A17CB0090B031 /* Frameworks */ = {
			isa = PBXFrameworksBuildPhase;
			buildActionMask = 2147483647;
			files = (
			);
			runOnlyForDeploymentPostprocessing = 0;
		};
/* End PBXFrameworksBuildPhase section */

/* Begin PBXGroup section */
		E934AA94205A17CB0090B031 = {
			isa = PBXGroup;
			children = (
				E934AA9F205A17CB0090B031 /* UIActivityIndicator */,
				E934AA9E205A17CB0090B031 /* Products */,
			);
			sourceTree = "<group>";
		};
		E934AA9E205A17CB0090B031 /* Products */ = {
			isa = PBXGroup;
			children = (
				E934AA9D205A17CB0090B031 /* UIActivityIndicator.app */,
			);
			name = Products;
			sourceTree = "<group>";
		};
		E934AA9F205A17CB0090B031 /* UIActivityIndicator */ = {
			isa = PBXGroup;
			children = (
				E934AAA0205A17CC0090B031 /* AppDelegate.swift */,
				E934AAA2205A17CC0090B031 /* ViewController.swift */,
				E934AAA4205A17CC0090B031 /* Main.storyboard */,
				E934AAA7205A17CC0090B031 /* Assets.xcassets */,
				E934AAA9205A17CC0090B031 /* LaunchScreen.storyboard */,
				E934AAAC205A17CC0090B031 /* Info.plist */,
			);
			path = UIActivityIndicator;
			sourceTree = "<group>";
		};
/* End PBXGroup section */

/* Begin PBXNativeTarget section */
		E934AA9C205A17CB0090B031 /* UIActivityIndicator */ = {
			isa = PBXNativeTarget;
			buildConfigurationList = E934AAAF205A17CC0090B031 /* Build configuration list for PBXNativeTarget "UIActivityIndicator" */;
			buildPhases = (
				E934AA99205A17CB0090B031 /* Sources */,
				E934AA9A205A17CB0090B031 /* Frameworks */,
				E934AA9B205A17CB0090B031 /* Resources */,
			);
			buildRules = (
			);
			dependencies = (
			);
			name = UIActivityIndicator;
			productName = UIActivityIndicator;
			productReference = E934AA9D205A17CB0090B031 /* UIActivityIndicator.app */;
			productType = "com.apple.product-type.application";
		};
/* End PBXNativeTarget section */

/* Begin PBXProject section */
		E934AA95205A17CB0090B031 /* Project object */ = {
			isa = PBXProject;
			attributes = {
				LastSwiftUpdateCheck = 0830;
				LastUpgradeCheck = 0830;
				ORGANIZATIONNAME = gdcp;
				TargetAttributes = {
					E934AA9C205A17CB0090B031 = {
						CreatedOnToolsVersion = 8.3.3;
						ProvisioningStyle = Automatic;
					};
				};
			};
			buildConfigurationList = E934AA98205A17CB0090B031 /* Build configuration list for PBXProject "UIActivityIndicator" */;
			compatibilityVersion = "Xcode 3.2";
			developmentRegion = English;
			hasScannedForEncodings = 0;
			knownRegions = (
				en,
				Base,
			);
			mainGroup = E934AA94205A17CB0090B031;
			productRefGroup = E934AA9E205A17CB0090B031 /* Products */;
			projectDirPath = "";
			projectRoot = "";
			targets = (
				E934AA9C205A17CB0090B031 /* UIActivityIndicator */,
			);
		};
/* End PBXProject section */

/* Begin PBXResourcesBuildPhase section */
		E934AA9B205A17CB0090B031 /* Resources */ = {
			isa = PBXResourcesBuildPhase;
			buildActionMask = 2147483647;
			files = (
				E934AAAB205A17CC0090B031 /* LaunchScreen.storyboard in Resources */,
				E934AAA8205A17CC0090B031 /* Assets.xcassets in Resources */,
				E934AAA6205A17CC0090B031 /* Main.storyboard in Resources */,
			);
			runOnlyForDeploymentPostprocessing = 0;
		};
/* End PBXResourcesBuildPhase section */

/* Begin PBXSourcesBuildPhase section */
		E934AA99205A17CB0090B031 /* Sources */ = {
			isa = PBXSourcesBuildPhase;
			buildActionMask = 2147483647;
			files = (
				E934AAA3205A17CC0090B031 /* ViewController.swift in Sources */,
				E934AAA1205A17CC0090B031 /* AppDelegate.swift in Sources */,
			);
			runOnlyForDeploymentPostprocessing = 0;
		};
/* End PBXSourcesBuildPhase section */

/* Begin PBXVariantGroup section */
		E934AAA4205A17CC0090B031 /* Main.storyboard */ = {
			isa = PBXVariantGroup;
			children = (
				E934AAA5205A17CC0090B031 /* Base */,
			);
			name = Main.storyboard;
			sourceTree = "<group>";
		};
		E934AAA9205A17CC0090B031 /* LaunchScreen.storyboard */ = {
			isa = PBXVariantGroup;
			children = (
				E934AAAA205A17CC0090B031 /* Base */,
			);
			name = LaunchScreen.storyboard;
			sourceTree = "<group>";
		};
/* End PBXVariantGroup section */

/* Begin XCBuildConfiguration section */
		E934AAAD205A17CC0090B031 /* Debug */ = {
			isa = XCBuildConfiguration;
			buildSettings = {
				ALWAYS_SEARCH_USER_PATHS = NO;
				CLANG_ANALYZER_NONNULL = YES;
				CLANG_ANALYZER_NUMBER_OBJECT_CONVERSION = YES_AGGRESSIVE;
				CLANG_CXX_LANGUAGE_STANDARD = "gnu++0x";
				CLANG_CXX_LIBRARY = "libc++";
				CLANG_ENABLE_MODULES = YES;
				CLANG_ENABLE_OBJC_ARC = YES;
				CLANG_WARN_BOOL_CONVERSION = YES;
				CLANG_WARN_CONSTANT_CONVERSION = YES;
				CLANG_WARN_DIRECT_OBJC_ISA_USAGE = YES_ERROR;
				CLANG_WARN_DOCUMENTATION_COMMENTS = YES;
				CLANG_WARN_EMPTY_BODY = YES;
				CLANG_WARN_ENUM_CONVERSION = YES;
				CLANG_WARN_INFINITE_RECURSION = YES;
				CLANG_WARN_INT_CONVERSION = YES;
				CLANG_WARN_OBJC_ROOT_CLASS = YES_ERROR;
				CLANG_WARN_SUSPICIOUS_MOVE = YES;
				CLANG_WARN_UNREACHABLE_CODE = YES;
				CLANG_WARN__DUPLICATE_METHOD_MATCH = YES;
				"CODE_SIGN_IDENTITY[sdk=iphoneos*]" = "iPhone Developer";
				COPY_PHASE_STRIP = NO;
				DEBUG_INFORMATION_FORMAT = dwarf;
				ENABLE_STRICT_OBJC_MSGSEND = YES;
				ENABLE_TESTABILITY = YES;
				GCC_C_LANGUAGE_STANDARD = gnu99;
				GCC_DYNAMIC_NO_PIC = NO;
				GCC_NO_COMMON_BLOCKS = YES;
				GCC_OPTIMIZATION_LEVEL = 0;
				GCC_PREPROCESSOR_DEFINITIONS = (
					"DEBUG=1",
					"$(inherited)",
				);
				GCC_WARN_64_TO_32_BIT_CONVERSION = YES;
				GCC_WARN_ABOUT_RETURN_TYPE = YES_ERROR;
				GCC_WARN_UNDECLARED_SELECTOR = YES;
				GCC_WARN_UNINITIALIZED_AUTOS = YES_AGGRESSIVE;
				GCC_WARN_UNUSED_FUNCTION = YES;
				GCC_WARN_UNUSED_VARIABLE = YES;
				IPHONEOS_DEPLOYMENT_TARGET = 10.3;
				MTL_ENABLE_DEBUG_INFO = YES;
				ONLY_ACTIVE_ARCH = YES;
				SDKROOT = iphoneos;
				SWIFT_ACTIVE_COMPILATION_CONDITIONS = DEBUG;
				SWIFT_OPTIMIZATION_LEVEL = "-Onone";
				TARGETED_DEVICE_FAMILY = "1,2";
			};
			name = Debug;
		};
		E934AAAE205A17CC0090B031 /* Release */ = {
			isa = XCBuildConfiguration;
			buildSettings = {
				ALWAYS_SEARCH_USER_PATHS = NO;
				CLANG_ANALYZER_NONNULL = YES;
				CLANG_ANALYZER_NUMBER_OBJECT_CONVERSION = YES_AGGRESSIVE;
				CLANG_CXX_LANGUAGE_STANDARD = "gnu++0x";
				CLANG_CXX_LIBRARY = "libc++";
				CLANG_ENABLE_MODULES = YES;
				CLANG_ENABLE_OBJC_ARC = YES;
				CLANG_WARN_BOOL_CONVERSION = YES;
				CLANG_WARN_CONSTANT_CONVERSION = YES;
				CLANG_WARN_DIRECT_OBJC_ISA_USAGE = YES_ERROR;
				CLANG_WARN_DOCUMENTATION_COMMENTS = YES;
				CLANG_WARN_EMPTY_BODY = YES;
				CLANG_WARN_ENUM_CONVERSION = YES;
				CLANG_WARN_INFINITE_RECURSION = YES;
				CLANG_WARN_INT_CONVERSION = YES;
				CLANG_WARN_OBJC_ROOT_CLASS = YES_ERROR;
				CLANG_WARN_SUSPICIOUS_MOVE = YES;
				CLANG_WARN_UNREACHABLE_CODE = YES;
				CLANG_WARN__DUPLICATE_METHOD_MATCH = YES;
				"CODE_SIGN_IDENTITY[sdk=iphoneos*]" = "iPhone Developer";
				COPY_PHASE_STRIP = NO;
				DEBUG_INFORMATION_FORMAT = "dwarf-with-dsym";
				ENABLE_NS_ASSERTIONS = NO;
				ENABLE_STRICT_OBJC_MSGSEND = YES;
				GCC_C_LANGUAGE_STANDARD = gnu99;
				GCC_NO_COMMON_BLOCKS = YES;
				GCC_WARN_64_TO_32_BIT_CONVERSION = YES;
				GCC_WARN_ABOUT_RETURN_TYPE = YES_ERROR;
				GCC_WARN_UNDECLARED_SELECTOR = YES;
				GCC_WARN_UNINITIALIZED_AUTOS = YES_AGGRESSIVE;
				GCC_WARN_UNUSED_FUNCTION = YES;
				GCC_WARN_UNUSED_VARIABLE = YES;
				IPHONEOS_DEPLOYMENT_TARGET = 10.3;
				MTL_ENABLE_DEBUG_INFO = NO;
				SDKROOT = iphoneos;
				SWIFT_OPTIMIZATION_LEVEL = "-Owholemodule";
				TARGETED_DEVICE_FAMILY = "1,2";
				VALIDATE_PRODUCT = YES;
			};
			name = Release;
		};
		E934AAB0205A17CC0090B031 /* Debug */ = {
			isa = XCBuildConfiguration;
			buildSettings = {
				ASSETCATALOG_COMPILER_APPICON_NAME = AppIcon;
				INFOPLIST_FILE = UIActivityIndicator/Info.plist;
				LD_RUNPATH_SEARCH_PATHS = "$(inherited) @executable_path/Frameworks";
				PRODUCT_BUNDLE_IDENTIFIER = gdcp.UIActivityIndicator;
				PRODUCT_NAME = "$(TARGET_NAME)";
				SWIFT_VERSION = 3.0;
			};
			name = Debug;
		};
		E934AAB1205A17CC0090B031 /* Release */ = {
			isa = XCBuildConfiguration;
			buildSettings = {
				ASSETCATALOG_COMPILER_APPICON_NAME = AppIcon;
				INFOPLIST_FILE = UIActivityIndicator/Info.plist;
				LD_RUNPATH_SEARCH_PATHS = "$(inherited) @executable_path/Frameworks";
				PRODUCT_BUNDLE_IDENTIFIER = gdcp.UIActivityIndicator;
				PRODUCT_NAME = "$(TARGET_NAME)";
				SWIFT_VERSION = 3.0;
			};
			name = Release;
		};
/* End XCBuildConfiguration section */

/* Begin XCConfigurationList section */
		E934AA98205A17CB0090B031 /* Build configuration list for PBXProject "UIActivityIndicator" */ = {
			isa = XCConfigurationList;
			buildConfigurations = (
				E934AAAD205A17CC0090B031 /* Debug */,
				E934AAAE205A17CC0090B031 /* Release */,
			);
			defaultConfigurationIsVisible = 0;
			defaultConfigurationName = Release;
		};
		E934AAAF205A17CC0090B031 /* Build configuration list for PBXNativeTarget "UIActivityIndicator" */ = {
			isa = XCConfigurationList;
			buildConfigurations = (
				E934AAB0205A17CC0090B031 /* Debug */,
				E934AAB1205A17CC0090B031 /* Release */,
			);
			defaultConfigurationIsVisible = 0;
		};
/* End XCConfigurationList section */
	};
	rootObject = E934AA95205A17CB0090B031 /* Project object */;
}
